
Microsoft Visual Studio Solution File, Format Version 12.00
# Visual Studio 15
VisualStudioVersion = 15.0.28307.329
MinimumVisualStudioVersion = 10.0.40219.1
Project("{FAE04EC0-301F-11D3-BF4B-00C04F79EFBC}") = "GOL2.0", "GOL2.0\GOL2.0.csproj", "{A6A153FB-A3ED-4ADC-A188-F54876142D71}"
EndProject
Global
	GlobalSection(SolutionConfigurationPlatforms) = preSolution
		Debug|Any CPU = Debug|Any CPU
		Release|Any CPU = Release|Any CPU
	EndGlobalSection
	GlobalSection(ProjectConfigurationPlatforms) = postSolution
		{A6A153FB-A3ED-4ADC-A188-F54876142D71}.Debug|Any CPU.ActiveCfg = Debug|Any CPU
		{A6A153FB-A3ED-4ADC-A188-F54876142D71}.Debug|Any CPU.Build.0 = Debug|Any CPU
		{A6A153FB-A3ED-4ADC-A188-F54876142D71}.Release|Any CPU.ActiveCfg = Release|Any CPU
		{A6A153FB-A3ED-4ADC-A188-F54876142D71}.Release|Any CPU.Build.0 = Release|Any CPU
	EndGlobalSection
	GlobalSection(SolutionProperties) = preSolution
		HideSolutionNode = FALSE
	EndGlobalSection
	GlobalSection(ExtensibilityGlobals) = postSolution
		SolutionGuid = {A2557888-CD81-411A-8934-2706C90A3F27}
	EndGlobalSection
EndGlobal
